PODS:
  - AFNetworking (4.0.1):
    - AFNetworking/NSURLSession (= 4.0.1)
    - AFNetworking/Reachability (= 4.0.1)
    - AFNetworking/Security (= 4.0.1)
    - AFNetworking/Serialization (= 4.0.1)
    - AFNetworking/UIKit (= 4.0.1)
  - AFNetworking/NSURLSession (4.0.1):
    - AFNetworking/Reachability
    - AFNetworking/Security
    - AFNetworking/Serialization
  - AFNetworking/Reachability (4.0.1)
  - AFNetworking/Security (4.0.1)
  - AFNetworking/Serialization (4.0.1)
  - AFNetworking/UIKit (4.0.1):
    - AFNetworking/NSURLSession
  - ClipImageBrowser (0.0.1)
  - Masonry (1.1.0)
  - OCImport (0.0.1):
    - Masonry
  - SensorsAnalyticsSDK (4.2.3):
    - SensorsAnalyticsSDK/Core (= 4.2.3)
  - SensorsAnalyticsSDK/__Store (4.2.3)
  - SensorsAnalyticsSDK/AutoTrack (4.2.3):
    - SensorsAnalyticsSDK/Common
  - SensorsAnalyticsSDK/Base (4.2.3):
    - SensorsAnalyticsSDK/__Store
  - SensorsAnalyticsSDK/Common (4.2.3):
    - SensorsAnalyticsSDK/Extension
  - SensorsAnalyticsSDK/Core (4.2.3):
    - SensorsAnalyticsSDK/Common
    - SensorsAnalyticsSDK/Visualized
  - SensorsAnalyticsSDK/Extension (4.2.3):
    - SensorsAnalyticsSDK/Base
  - SensorsAnalyticsSDK/Visualized (4.2.3):
    - SensorsAnalyticsSDK/AutoTrack
  - ZIKRouter/ServiceRouter (1.1.1)
  - ZIKRouter/ViewRouter (1.1.1):
    - ZIKRouter/ServiceRouter
  - ZRouter (1.1.1):
    - ZRouter/ServiceRouter (= 1.1.1)
    - ZRouter/ViewRouter (= 1.1.1)
  - ZRouter/ServiceRouter (1.1.1):
    - ZIKRouter/ServiceRouter (>= 1.1.1)
  - ZRouter/ViewRouter (1.1.1):
    - ZIKRouter/ViewRouter (>= 1.1.1)
    - ZRouter/ServiceRouter

DEPENDENCIES:
  - AFNetworking
  - ClipImageBrowser (from `submodules/ClipImageBrowser`)
  - Masonry
  - OCImport (from `submodules/OCImport`)
  - SensorsAnalyticsSDK
  - ZRouter (>= 1.1.1)

SPEC REPOS:
  trunk:
    - AFNetworking
    - Masonry
    - SensorsAnalyticsSDK
    - ZIKRouter
    - ZRouter

EXTERNAL SOURCES:
  ClipImageBrowser:
    :path: submodules/ClipImageBrowser
  OCImport:
    :path: submodules/OCImport

SPEC CHECKSUMS:
  AFNetworking: 7864c38297c79aaca1500c33288e429c3451fdce
  ClipImageBrowser: 8f9ef21b27bd59f0771ba7fb52c49115ed39cbdf
  Masonry: 678fab65091a9290e40e2832a55e7ab731aad201
  OCImport: f96ece08ce05fbcb9721d6d98cb8a4c404ab86cf
  SensorsAnalyticsSDK: e06584f75c13d39932da97627ba5dfd7c99f12d4
  ZIKRouter: 4efb9f01b4adbd2e15b184f42c7788d60b91a6d2
  ZRouter: eece3cd9726f24839e0f522995e44045bfc71749

PODFILE CHECKSUM: 995df79aa193a7c59aff4c6057df7cf9b379f54d

COCOAPODS: 1.11.2
